
Microsoft Visual Studio Solution File, Format Version 12.00
# Visual Studio 2013
VisualStudioVersion = 12.0.31101.0
MinimumVisualStudioVersion = 10.0.40219.1
Project("{FAE04EC0-301F-11D3-BF4B-00C04F79EFBC}") = "Learn-Events-Delegates-And-Lambdas-Tests", "Learn-Events-Delegates-And-Lambdas\Learn-Events-Delegates-And-Lambdas-Tests.csproj", "{767B996A-C5ED-4B94-B67E-2ACE8FD8D84D}"
EndProject
Project("{FAE04EC0-301F-11D3-BF4B-00C04F79EFBC}") = "DelegatesAndEvents", "DelegatesAndEvents\DelegatesAndEvents.csproj", "{9C5B0BA5-3D06-4C64-B9FC-0E76B3CA02A7}"
EndProject
Project("{FAE04EC0-301F-11D3-BF4B-00C04F79EFBC}") = "Lambdas", "Lambdas\Lambdas.csproj", "{7DDDCAC0-4507-4FB1-8DD3-9A37F686F4E1}"
EndProject
Global
	GlobalSection(SolutionConfigurationPlatforms) = preSolution
		Debug|Any CPU = Debug|Any CPU
		Release|Any CPU = Release|Any CPU
	EndGlobalSection
	GlobalSection(ProjectConfigurationPlatforms) = postSolution
		{767B996A-C5ED-4B94-B67E-2ACE8FD8D84D}.Debug|Any CPU.ActiveCfg = Debug|Any CPU
		{767B996A-C5ED-4B94-B67E-2ACE8FD8D84D}.Debug|Any CPU.Build.0 = Debug|Any CPU
		{767B996A-C5ED-4B94-B67E-2ACE8FD8D84D}.Release|Any CPU.ActiveCfg = Release|Any CPU
		{767B996A-C5ED-4B94-B67E-2ACE8FD8D84D}.Release|Any CPU.Build.0 = Release|Any CPU
		{9C5B0BA5-3D06-4C64-B9FC-0E76B3CA02A7}.Debug|Any CPU.ActiveCfg = Debug|Any CPU
		{9C5B0BA5-3D06-4C64-B9FC-0E76B3CA02A7}.Debug|Any CPU.Build.0 = Debug|Any CPU
		{9C5B0BA5-3D06-4C64-B9FC-0E76B3CA02A7}.Release|Any CPU.ActiveCfg = Release|Any CPU
		{9C5B0BA5-3D06-4C64-B9FC-0E76B3CA02A7}.Release|Any CPU.Build.0 = Release|Any CPU
		{7DDDCAC0-4507-4FB1-8DD3-9A37F686F4E1}.Debug|Any CPU.ActiveCfg = Debug|Any CPU
		{7DDDCAC0-4507-4FB1-8DD3-9A37F686F4E1}.Debug|Any CPU.Build.0 = Debug|Any CPU
		{7DDDCAC0-4507-4FB1-8DD3-9A37F686F4E1}.Release|Any CPU.ActiveCfg = Release|Any CPU
		{7DDDCAC0-4507-4FB1-8DD3-9A37F686F4E1}.Release|Any CPU.Build.0 = Release|Any CPU
	EndGlobalSection
	GlobalSection(SolutionProperties) = preSolution
		HideSolutionNode = FALSE
	EndGlobalSection
EndGlobal
